// !$*UTF8*$!
{
	archiveVersion = 1;
	classes = {
	};
	objectVersion = 52;
	objects = {

/* Begin PBXBuildFile section */
		5520F3AC260D5D6900C5F2D0 /* dependency_migrationApp.swift in Sources */ = {isa = PBXBuildFile; fileRef = 5520F3AB260D5D6900C5F2D0 /* dependency_migrationApp.swift */; };
		5520F3B0260D5D6B00C5F2D0 /* Assets.xcassets in Resources */ = {isa = PBXBuildFile; fileRef = 5520F3AF260D5D6B00C5F2D0 /* Assets.xcassets */; };
		5520F3B3260D5D6B00C5F2D0 /* Preview Assets.xcassets in Resources */ = {isa = PBXBuildFile; fileRef = 5520F3B2260D5D6B00C5F2D0 /* Preview Assets.xcassets */; };
		5520F3BC260D5DA200C5F2D0 /* AuthView.swift in Sources */ = {isa = PBXBuildFile; fileRef = 5520F3BB260D5DA200C5F2D0 /* AuthView.swift */; };
		5520F3BF260D5DC100C5F2D0 /* DataStoreView.swift in Sources */ = {isa = PBXBuildFile; fileRef = 5520F3BE260D5DC100C5F2D0 /* DataStoreView.swift */; };
		5520F3C2260D5DDA00C5F2D0 /* StorageView.swift in Sources */ = {isa = PBXBuildFile; fileRef = 5520F3C1260D5DDA00C5F2D0 /* StorageView.swift */; };
		5520F3C5260D5E8F00C5F2D0 /* APIView.swift in Sources */ = {isa = PBXBuildFile; fileRef = 5520F3C4260D5E8F00C5F2D0 /* APIView.swift */; };
		5520F3C8260D5EB000C5F2D0 /* AnalyticsView.swift in Sources */ = {isa = PBXBuildFile; fileRef = 5520F3C7260D5EB000C5F2D0 /* AnalyticsView.swift */; };
		5520F3DF260D681E00C5F2D0 /* AmplifyModels.swift in Sources */ = {isa = PBXBuildFile; fileRef = 5520F3DC260D681E00C5F2D0 /* AmplifyModels.swift */; };
		5520F3E0260D681E00C5F2D0 /* Note.swift in Sources */ = {isa = PBXBuildFile; fileRef = 5520F3DD260D681E00C5F2D0 /* Note.swift */; };
		5520F3E1260D681E00C5F2D0 /* Note+Schema.swift in Sources */ = {isa = PBXBuildFile; fileRef = 5520F3DE260D681E00C5F2D0 /* Note+Schema.swift */; };
		5520F3E5260D6B6800C5F2D0 /* amplifyconfiguration.json in Resources */ = {isa = PBXBuildFile; fileRef = 5520F3E3260D6B6800C5F2D0 /* amplifyconfiguration.json */; };
		5520F3E6260D6B6800C5F2D0 /* awsconfiguration.json in Resources */ = {isa = PBXBuildFile; fileRef = 5520F3E4260D6B6800C5F2D0 /* awsconfiguration.json */; };
		5520F3E9260D6BBD00C5F2D0 /* aws-amplify-logo-large.png in Resources */ = {isa = PBXBuildFile; fileRef = 5520F3E8260D6BBD00C5F2D0 /* aws-amplify-logo-large.png */; };
		5520F3EC260D73B300C5F2D0 /* Note+Extensions.swift in Sources */ = {isa = PBXBuildFile; fileRef = 5520F3EB260D73B300C5F2D0 /* Note+Extensions.swift */; };
		557BEE4F260D9F4700C153CE /* Amplify in Frameworks */ = {isa = PBXBuildFile; productRef = 557BEE4E260D9F4700C153CE /* Amplify */; };
		557BEE51260D9F4700C153CE /* AWSCognitoAuthPlugin in Frameworks */ = {isa = PBXBuildFile; productRef = 557BEE50260D9F4700C153CE /* AWSCognitoAuthPlugin */; };
		557BEE53260D9F4700C153CE /* AWSS3StoragePlugin in Frameworks */ = {isa = PBXBuildFile; productRef = 557BEE52260D9F4700C153CE /* AWSS3StoragePlugin */; };
		557BEE55260D9F4700C153CE /* AWSPluginsCore in Frameworks */ = {isa = PBXBuildFile; productRef = 557BEE54260D9F4700C153CE /* AWSPluginsCore */; };
		557BEE57260D9F4700C153CE /* AWSPinpointAnalyticsPlugin in Frameworks */ = {isa = PBXBuildFile; productRef = 557BEE56260D9F4700C153CE /* AWSPinpointAnalyticsPlugin */; };
		557BEE59260D9F4700C153CE /* AWSDataStorePlugin in Frameworks */ = {isa = PBXBuildFile; productRef = 557BEE58260D9F4700C153CE /* AWSDataStorePlugin */; };
		557BEE5B260D9F4700C153CE /* AWSAPIPlugin in Frameworks */ = {isa = PBXBuildFile; productRef = 557BEE5A260D9F4700C153CE /* AWSAPIPlugin */; };
/* End PBXBuildFile section */

/* Begin PBXFileReference section */
		5520F3A8260D5D6900C5F2D0 /* dependency-migration.app */ = {isa = PBXFileReference; explicitFileType = wrapper.application; includeInIndex = 0; path = "dependency-migration.app"; sourceTree = BUILT_PRODUCTS_DIR; };
		5520F3AB260D5D6900C5F2D0 /* dependency_migrationApp.swift */ = {isa = PBXFileReference; lastKnownFileType = sourcecode.swift; path = dependency_migrationApp.swift; sourceTree = "<group>"; };
		5520F3AF260D5D6B00C5F2D0 /* Assets.xcassets */ = {isa = PBXFileReference; lastKnownFileType = folder.assetcatalog; path = Assets.xcassets; sourceTree = "<group>"; };
		5520F3B2260D5D6B00C5F2D0 /* Preview Assets.xcassets */ = {isa = PBXFileReference; lastKnownFileType = folder.assetcatalog; path = "Preview Assets.xcassets"; sourceTree = "<group>"; };
		5520F3B4260D5D6B00C5F2D0 /* Info.plist */ = {isa = PBXFileReference; lastKnownFileType = text.plist.xml; path = Info.plist; sourceTree = "<group>"; };
		5520F3BB260D5DA200C5F2D0 /* AuthView.swift */ = {isa = PBXFileReference; lastKnownFileType = sourcecode.swift; path = AuthView.swift; sourceTree = "<group>"; };
		5520F3BE260D5DC100C5F2D0 /* DataStoreView.swift */ = {isa = PBXFileReference; lastKnownFileType = sourcecode.swift; path = DataStoreView.swift; sourceTree = "<group>"; };
		5520F3C1260D5DDA00C5F2D0 /* StorageView.swift */ = {isa = PBXFileReference; lastKnownFileType = sourcecode.swift; path = StorageView.swift; sourceTree = "<group>"; };
		5520F3C4260D5E8F00C5F2D0 /* APIView.swift */ = {isa = PBXFileReference; lastKnownFileType = sourcecode.swift; path = APIView.swift; sourceTree = "<group>"; };
		5520F3C7260D5EB000C5F2D0 /* AnalyticsView.swift */ = {isa = PBXFileReference; lastKnownFileType = sourcecode.swift; path = AnalyticsView.swift; sourceTree = "<group>"; };
		5520F3DC260D681E00C5F2D0 /* AmplifyModels.swift */ = {isa = PBXFileReference; fileEncoding = 4; lastKnownFileType = sourcecode.swift; name = AmplifyModels.swift; path = amplify/generated/models/AmplifyModels.swift; sourceTree = SOURCE_ROOT; };
		5520F3DD260D681E00C5F2D0 /* Note.swift */ = {isa = PBXFileReference; fileEncoding = 4; lastKnownFileType = sourcecode.swift; name = Note.swift; path = amplify/generated/models/Note.swift; sourceTree = SOURCE_ROOT; };
		5520F3DE260D681E00C5F2D0 /* Note+Schema.swift */ = {isa = PBXFileReference; fileEncoding = 4; lastKnownFileType = sourcecode.swift; name = "Note+Schema.swift"; path = "amplify/generated/models/Note+Schema.swift"; sourceTree = SOURCE_ROOT; };
		5520F3E3260D6B6800C5F2D0 /* amplifyconfiguration.json */ = {isa = PBXFileReference; fileEncoding = 4; lastKnownFileType = text.json; path = amplifyconfiguration.json; sourceTree = SOURCE_ROOT; };
		5520F3E4260D6B6800C5F2D0 /* awsconfiguration.json */ = {isa = PBXFileReference; fileEncoding = 4; lastKnownFileType = text.json; path = awsconfiguration.json; sourceTree = SOURCE_ROOT; };
		5520F3E8260D6BBD00C5F2D0 /* aws-amplify-logo-large.png */ = {isa = PBXFileReference; lastKnownFileType = image.png; path = "aws-amplify-logo-large.png"; sourceTree = "<group>"; };
		5520F3EB260D73B300C5F2D0 /* Note+Extensions.swift */ = {isa = PBXFileReference; lastKnownFileType = sourcecode.swift; path = "Note+Extensions.swift"; sourceTree = "<group>"; };
/* End PBXFileReference section */

/* Begin PBXFrameworksBuildPhase section */
		5520F3A5260D5D6900C5F2D0 /* Frameworks */ = {
			isa = PBXFrameworksBuildPhase;
			buildActionMask = 2147483647;
			files = (
				557BEE55260D9F4700C153CE /* AWSPluginsCore in Frameworks */,
				557BEE4F260D9F4700C153CE /* Amplify in Frameworks */,
				557BEE5B260D9F4700C153CE /* AWSAPIPlugin in Frameworks */,
				557BEE57260D9F4700C153CE /* AWSPinpointAnalyticsPlugin in Frameworks */,
				557BEE59260D9F4700C153CE /* AWSDataStorePlugin in Frameworks */,
				557BEE51260D9F4700C153CE /* AWSCognitoAuthPlugin in Frameworks */,
				557BEE53260D9F4700C153CE /* AWSS3StoragePlugin in Frameworks */,
			);
			runOnlyForDeploymentPostprocessing = 0;
		};
/* End PBXFrameworksBuildPhase section */

/* Begin PBXGroup section */
		489AE2F31B984805E072216C /* Frameworks */ = {
			isa = PBXGroup;
			children = (
			);
			name = Frameworks;
			sourceTree = "<group>";
		};
		5520F39F260D5D6900C5F2D0 = {
			isa = PBXGroup;
			children = (
				5520F3AA260D5D6900C5F2D0 /* dependency-migration */,
				5520F3A9260D5D6900C5F2D0 /* Products */,
				489AE2F31B984805E072216C /* Frameworks */,
			);
			sourceTree = "<group>";
		};
		5520F3A9260D5D6900C5F2D0 /* Products */ = {
			isa = PBXGroup;
			children = (
				5520F3A8260D5D6900C5F2D0 /* dependency-migration.app */,
			);
			name = Products;
			sourceTree = "<group>";
		};
		5520F3AA260D5D6900C5F2D0 /* dependency-migration */ = {
			isa = PBXGroup;
			children = (
				5520F3E8260D6BBD00C5F2D0 /* aws-amplify-logo-large.png */,
				5520F3E3260D6B6800C5F2D0 /* amplifyconfiguration.json */,
				5520F3E4260D6B6800C5F2D0 /* awsconfiguration.json */,
				5520F3DC260D681E00C5F2D0 /* AmplifyModels.swift */,
				5520F3DD260D681E00C5F2D0 /* Note.swift */,
				5520F3DE260D681E00C5F2D0 /* Note+Schema.swift */,
				5520F3AB260D5D6900C5F2D0 /* dependency_migrationApp.swift */,
				5520F3AF260D5D6B00C5F2D0 /* Assets.xcassets */,
				5520F3B4260D5D6B00C5F2D0 /* Info.plist */,
				5520F3B1260D5D6B00C5F2D0 /* Preview Content */,
				5520F3BB260D5DA200C5F2D0 /* AuthView.swift */,
				5520F3BE260D5DC100C5F2D0 /* DataStoreView.swift */,
				5520F3C1260D5DDA00C5F2D0 /* StorageView.swift */,
				5520F3C4260D5E8F00C5F2D0 /* APIView.swift */,
				5520F3C7260D5EB000C5F2D0 /* AnalyticsView.swift */,
				5520F3EB260D73B300C5F2D0 /* Note+Extensions.swift */,
			);
			path = "dependency-migration";
			sourceTree = "<group>";
		};
		5520F3B1260D5D6B00C5F2D0 /* Preview Content */ = {
			isa = PBXGroup;
			children = (
				5520F3B2260D5D6B00C5F2D0 /* Preview Assets.xcassets */,
			);
			path = "Preview Content";
			sourceTree = "<group>";
		};
/* End PBXGroup section */

/* Begin PBXNativeTarget section */
		5520F3A7260D5D6900C5F2D0 /* dependency-migration */ = {
			isa = PBXNativeTarget;
			buildConfigurationList = 5520F3B7260D5D6B00C5F2D0 /* Build configuration list for PBXNativeTarget "dependency-migration" */;
			buildPhases = (
				5520F3A4260D5D6900C5F2D0 /* Sources */,
				5520F3A5260D5D6900C5F2D0 /* Frameworks */,
				5520F3A6260D5D6900C5F2D0 /* Resources */,
			);
			buildRules = (
			);
			dependencies = (
			);
			name = "dependency-migration";
			packageProductDependencies = (
				557BEE4E260D9F4700C153CE /* Amplify */,
				557BEE50260D9F4700C153CE /* AWSCognitoAuthPlugin */,
				557BEE52260D9F4700C153CE /* AWSS3StoragePlugin */,
				557BEE54260D9F4700C153CE /* AWSPluginsCore */,
				557BEE56260D9F4700C153CE /* AWSPinpointAnalyticsPlugin */,
				557BEE58260D9F4700C153CE /* AWSDataStorePlugin */,
				557BEE5A260D9F4700C153CE /* AWSAPIPlugin */,
			);
			productName = "dependency-migration";
			productReference = 5520F3A8260D5D6900C5F2D0 /* dependency-migration.app */;
			productType = "com.apple.product-type.application";
		};
/* End PBXNativeTarget section */

/* Begin PBXProject section */
		5520F3A0260D5D6900C5F2D0 /* Project object */ = {
			isa = PBXProject;
			attributes = {
				LastSwiftUpdateCheck = 1230;
				LastUpgradeCheck = 1230;
				TargetAttributes = {
					5520F3A7260D5D6900C5F2D0 = {
						CreatedOnToolsVersion = 12.3;
					};
				};
			};
			buildConfigurationList = 5520F3A3260D5D6900C5F2D0 /* Build configuration list for PBXProject "dependency-migration" */;
			compatibilityVersion = "Xcode 9.3";
			developmentRegion = en;
			hasScannedForEncodings = 0;
			knownRegions = (
				en,
				Base,
			);
			mainGroup = 5520F39F260D5D6900C5F2D0;
			packageReferences = (
				557BEE4D260D9F4700C153CE /* XCRemoteSwiftPackageReference "amplify-ios" */,
			);
			productRefGroup = 5520F3A9260D5D6900C5F2D0 /* Products */;
			projectDirPath = "";
			projectRoot = "";
			targets = (
				5520F3A7260D5D6900C5F2D0 /* dependency-migration */,
			);
		};
/* End PBXProject section */

/* Begin PBXResourcesBuildPhase section */
		5520F3A6260D5D6900C5F2D0 /* Resources */ = {
			isa = PBXResourcesBuildPhase;
			buildActionMask = 2147483647;
			files = (
				5520F3E9260D6BBD00C5F2D0 /* aws-amplify-logo-large.png in Resources */,
				5520F3E6260D6B6800C5F2D0 /* awsconfiguration.json in Resources */,
				5520F3B3260D5D6B00C5F2D0 /* Preview Assets.xcassets in Resources */,
				5520F3E5260D6B6800C5F2D0 /* amplifyconfiguration.json in Resources */,
				5520F3B0260D5D6B00C5F2D0 /* Assets.xcassets in Resources */,
			);
			runOnlyForDeploymentPostprocessing = 0;
		};
/* End PBXResourcesBuildPhase section */

/* Begin PBXSourcesBuildPhase section */
		5520F3A4260D5D6900C5F2D0 /* Sources */ = {
			isa = PBXSourcesBuildPhase;
			buildActionMask = 2147483647;
			files = (
				5520F3C2260D5DDA00C5F2D0 /* StorageView.swift in Sources */,
				5520F3EC260D73B300C5F2D0 /* Note+Extensions.swift in Sources */,
				5520F3AC260D5D6900C5F2D0 /* dependency_migrationApp.swift in Sources */,
				5520F3C5260D5E8F00C5F2D0 /* APIView.swift in Sources */,
				5520F3E0260D681E00C5F2D0 /* Note.swift in Sources */,
				5520F3C8260D5EB000C5F2D0 /* AnalyticsView.swift in Sources */,
				5520F3BF260D5DC100C5F2D0 /* DataStoreView.swift in Sources */,
				5520F3BC260D5DA200C5F2D0 /* AuthView.swift in Sources */,
				5520F3E1260D681E00C5F2D0 /* Note+Schema.swift in Sources */,
				5520F3DF260D681E00C5F2D0 /* AmplifyModels.swift in Sources */,
			);
			runOnlyForDeploymentPostprocessing = 0;
		};
/* End PBXSourcesBuildPhase section */

/* Begin XCBuildConfiguration section */
		5520F3B5260D5D6B00C5F2D0 /* Debug */ = {
			isa = XCBuildConfiguration;
			buildSettings = {
				ALWAYS_SEARCH_USER_PATHS = NO;
				CLANG_ANALYZER_NONNULL = YES;
				CLANG_ANALYZER_NUMBER_OBJECT_CONVERSION = YES_AGGRESSIVE;
				CLANG_CXX_LANGUAGE_STANDARD = "gnu++14";
				CLANG_CXX_LIBRARY = "libc++";
				CLANG_ENABLE_MODULES = YES;
				CLANG_ENABLE_OBJC_ARC = YES;
				CLANG_ENABLE_OBJC_WEAK = YES;
				CLANG_WARN_BLOCK_CAPTURE_AUTORELEASING = YES;
				CLANG_WARN_BOOL_CONVERSION = YES;
				CLANG_WARN_COMMA = YES;
				CLANG_WARN_CONSTANT_CONVERSION = YES;
				CLANG_WARN_DEPRECATED_OBJC_IMPLEMENTATIONS = YES;
				CLANG_WARN_DIRECT_OBJC_ISA_USAGE = YES_ERROR;
				CLANG_WARN_DOCUMENTATION_COMMENTS = YES;
				CLANG_WARN_EMPTY_BODY = YES;
				CLANG_WARN_ENUM_CONVERSION = YES;
				CLANG_WARN_INFINITE_RECURSION = YES;
				CLANG_WARN_INT_CONVERSION = YES;
				CLANG_WARN_NON_LITERAL_NULL_CONVERSION = YES;
				CLANG_WARN_OBJC_IMPLICIT_RETAIN_SELF = YES;
				CLANG_WARN_OBJC_LITERAL_CONVERSION = YES;
				CLANG_WARN_OBJC_ROOT_CLASS = YES_ERROR;
				CLANG_WARN_QUOTED_INCLUDE_IN_FRAMEWORK_HEADER = YES;
				CLANG_WARN_RANGE_LOOP_ANALYSIS = YES;
				CLANG_WARN_STRICT_PROTOTYPES = YES;
				CLANG_WARN_SUSPICIOUS_MOVE = YES;
				CLANG_WARN_UNGUARDED_AVAILABILITY = YES_AGGRESSIVE;
				CLANG_WARN_UNREACHABLE_CODE = YES;
				CLANG_WARN__DUPLICATE_METHOD_MATCH = YES;
				COPY_PHASE_STRIP = NO;
				DEBUG_INFORMATION_FORMAT = dwarf;
				ENABLE_STRICT_OBJC_MSGSEND = YES;
				ENABLE_TESTABILITY = YES;
				GCC_C_LANGUAGE_STANDARD = gnu11;
				GCC_DYNAMIC_NO_PIC = NO;
				GCC_NO_COMMON_BLOCKS = YES;
				GCC_OPTIMIZATION_LEVEL = 0;
				GCC_PREPROCESSOR_DEFINITIONS = (
					"DEBUG=1",
					"$(inherited)",
				);
				GCC_WARN_64_TO_32_BIT_CONVERSION = YES;
				GCC_WARN_ABOUT_RETURN_TYPE = YES_ERROR;
				GCC_WARN_UNDECLARED_SELECTOR = YES;
				GCC_WARN_UNINITIALIZED_AUTOS = YES_AGGRESSIVE;
				GCC_WARN_UNUSED_FUNCTION = YES;
				GCC_WARN_UNUSED_VARIABLE = YES;
				IPHONEOS_DEPLOYMENT_TARGET = 14.3;
				MTL_ENABLE_DEBUG_INFO = INCLUDE_SOURCE;
				MTL_FAST_MATH = YES;
				ONLY_ACTIVE_ARCH = YES;
				SDKROOT = iphoneos;
				SWIFT_ACTIVE_COMPILATION_CONDITIONS = DEBUG;
				SWIFT_OPTIMIZATION_LEVEL = "-Onone";
			};
			name = Debug;
		};
		5520F3B6260D5D6B00C5F2D0 /* Release */ = {
			isa = XCBuildConfiguration;
			buildSettings = {
				ALWAYS_SEARCH_USER_PATHS = NO;
				CLANG_ANALYZER_NONNULL = YES;
				CLANG_ANALYZER_NUMBER_OBJECT_CONVERSION = YES_AGGRESSIVE;
				CLANG_CXX_LANGUAGE_STANDARD = "gnu++14";
				CLANG_CXX_LIBRARY = "libc++";
				CLANG_ENABLE_MODULES = YES;
				CLANG_ENABLE_OBJC_ARC = YES;
				CLANG_ENABLE_OBJC_WEAK = YES;
				CLANG_WARN_BLOCK_CAPTURE_AUTORELEASING = YES;
				CLANG_WARN_BOOL_CONVERSION = YES;
				CLANG_WARN_COMMA = YES;
				CLANG_WARN_CONSTANT_CONVERSION = YES;
				CLANG_WARN_DEPRECATED_OBJC_IMPLEMENTATIONS = YES;
				CLANG_WARN_DIRECT_OBJC_ISA_USAGE = YES_ERROR;
				CLANG_WARN_DOCUMENTATION_COMMENTS = YES;
				CLANG_WARN_EMPTY_BODY = YES;
				CLANG_WARN_ENUM_CONVERSION = YES;
				CLANG_WARN_INFINITE_RECURSION = YES;
				CLANG_WARN_INT_CONVERSION = YES;
				CLANG_WARN_NON_LITERAL_NULL_CONVERSION = YES;
				CLANG_WARN_OBJC_IMPLICIT_RETAIN_SELF = YES;
				CLANG_WARN_OBJC_LITERAL_CONVERSION = YES;
				CLANG_WARN_OBJC_ROOT_CLASS = YES_ERROR;
				CLANG_WARN_QUOTED_INCLUDE_IN_FRAMEWORK_HEADER = YES;
				CLANG_WARN_RANGE_LOOP_ANALYSIS = YES;
				CLANG_WARN_STRICT_PROTOTYPES = YES;
				CLANG_WARN_SUSPICIOUS_MOVE = YES;
				CLANG_WARN_UNGUARDED_AVAILABILITY = YES_AGGRESSIVE;
				CLANG_WARN_UNREACHABLE_CODE = YES;
				CLANG_WARN__DUPLICATE_METHOD_MATCH = YES;
				COPY_PHASE_STRIP = NO;
				DEBUG_INFORMATION_FORMAT = "dwarf-with-dsym";
				ENABLE_NS_ASSERTIONS = NO;
				ENABLE_STRICT_OBJC_MSGSEND = YES;
				GCC_C_LANGUAGE_STANDARD = gnu11;
				GCC_NO_COMMON_BLOCKS = YES;
				GCC_WARN_64_TO_32_BIT_CONVERSION = YES;
				GCC_WARN_ABOUT_RETURN_TYPE = YES_ERROR;
				GCC_WARN_UNDECLARED_SELECTOR = YES;
				GCC_WARN_UNINITIALIZED_AUTOS = YES_AGGRESSIVE;
				GCC_WARN_UNUSED_FUNCTION = YES;
				GCC_WARN_UNUSED_VARIABLE = YES;
				IPHONEOS_DEPLOYMENT_TARGET = 14.3;
				MTL_ENABLE_DEBUG_INFO = NO;
				MTL_FAST_MATH = YES;
				SDKROOT = iphoneos;
				SWIFT_COMPILATION_MODE = wholemodule;
				SWIFT_OPTIMIZATION_LEVEL = "-O";
				VALIDATE_PRODUCT = YES;
			};
			name = Release;
		};
		5520F3B8260D5D6B00C5F2D0 /* Debug */ = {
			isa = XCBuildConfiguration;
			buildSettings = {
				ASSETCATALOG_COMPILER_APPICON_NAME = AppIcon;
				ASSETCATALOG_COMPILER_GLOBAL_ACCENT_COLOR_NAME = AccentColor;
				CODE_SIGN_STYLE = Automatic;
				DEVELOPMENT_ASSET_PATHS = "\"dependency-migration/Preview Content\"";
				DEVELOPMENT_TEAM = 5K99777NES;
				ENABLE_PREVIEWS = YES;
				INFOPLIST_FILE = "dependency-migration/Info.plist";
				IPHONEOS_DEPLOYMENT_TARGET = 14.0;
				LD_RUNPATH_SEARCH_PATHS = (
					"$(inherited)",
					"@executable_path/Frameworks",
				);
				PRODUCT_BUNDLE_IDENTIFIER = "com.kiloloco.dependency-migration";
				PRODUCT_NAME = "$(TARGET_NAME)";
				SWIFT_VERSION = 5.0;
				TARGETED_DEVICE_FAMILY = "1,2";
			};
			name = Debug;
		};
		5520F3B9260D5D6B00C5F2D0 /* Release */ = {
			isa = XCBuildConfiguration;
			buildSettings = {
				ASSETCATALOG_COMPILER_APPICON_NAME = AppIcon;
				ASSETCATALOG_COMPILER_GLOBAL_ACCENT_COLOR_NAME = AccentColor;
				CODE_SIGN_STYLE = Automatic;
				DEVELOPMENT_ASSET_PATHS = "\"dependency-migration/Preview Content\"";
				DEVELOPMENT_TEAM = 5K99777NES;
				ENABLE_PREVIEWS = YES;
				INFOPLIST_FILE = "dependency-migration/Info.plist";
				IPHONEOS_DEPLOYMENT_TARGET = 14.0;
				LD_RUNPATH_SEARCH_PATHS = (
					"$(inherited)",
					"@executable_path/Frameworks",
				);
				PRODUCT_BUNDLE_IDENTIFIER = "com.kiloloco.dependency-migration";
				PRODUCT_NAME = "$(TARGET_NAME)";
				SWIFT_VERSION = 5.0;
				TARGETED_DEVICE_FAMILY = "1,2";
			};
			name = Release;
		};
/* End XCBuildConfiguration section */

/* Begin XCConfigurationList section */
		5520F3A3260D5D6900C5F2D0 /* Build configuration list for PBXProject "dependency-migration" */ = {
			isa = XCConfigurationList;
			buildConfigurations = (
				5520F3B5260D5D6B00C5F2D0 /* Debug */,
				5520F3B6260D5D6B00C5F2D0 /* Release */,
			);
			defaultConfigurationIsVisible = 0;
			defaultConfigurationName = Release;
		};
		5520F3B7260D5D6B00C5F2D0 /* Build configuration list for PBXNativeTarget "dependency-migration" */ = {
			isa = XCConfigurationList;
			buildConfigurations = (
				5520F3B8260D5D6B00C5F2D0 /* Debug */,
				5520F3B9260D5D6B00C5F2D0 /* Release */,
			);
			defaultConfigurationIsVisible = 0;
			defaultConfigurationName = Release;
		};
/* End XCConfigurationList section */

/* Begin XCRemoteSwiftPackageReference section */
		557BEE4D260D9F4700C153CE /* XCRemoteSwiftPackageReference "amplify-ios" */ = {
			isa = XCRemoteSwiftPackageReference;
			repositoryURL = "https://github.com/aws-amplify/amplify-ios";
			requirement = {
				branch = testSPM;
				kind = branch;
			};
		};
/* End XCRemoteSwiftPackageReference section */

/* Begin XCSwiftPackageProductDependency section */
		557BEE4E260D9F4700C153CE /* Amplify */ = {
			isa = XCSwiftPackageProductDependency;
			package = 557BEE4D260D9F4700C153CE /* XCRemoteSwiftPackageReference "amplify-ios" */;
			productName = Amplify;
		};
		557BEE50260D9F4700C153CE /* AWSCognitoAuthPlugin */ = {
			isa = XCSwiftPackageProductDependency;
			package = 557BEE4D260D9F4700C153CE /* XCRemoteSwiftPackageReference "amplify-ios" */;
			productName = AWSCognitoAuthPlugin;
		};
		557BEE52260D9F4700C153CE /* AWSS3StoragePlugin */ = {
			isa = XCSwiftPackageProductDependency;
			package = 557BEE4D260D9F4700C153CE /* XCRemoteSwiftPackageReference "amplify-ios" */;
			productName = AWSS3StoragePlugin;
		};
		557BEE54260D9F4700C153CE /* AWSPluginsCore */ = {
			isa = XCSwiftPackageProductDependency;
			package = 557BEE4D260D9F4700C153CE /* XCRemoteSwiftPackageReference "amplify-ios" */;
			productName = AWSPluginsCore;
		};
		557BEE56260D9F4700C153CE /* AWSPinpointAnalyticsPlugin */ = {
			isa = XCSwiftPackageProductDependency;
			package = 557BEE4D260D9F4700C153CE /* XCRemoteSwiftPackageReference "amplify-ios" */;
			productName = AWSPinpointAnalyticsPlugin;
		};
		557BEE58260D9F4700C153CE /* AWSDataStorePlugin */ = {
			isa = XCSwiftPackageProductDependency;
			package = 557BEE4D260D9F4700C153CE /* XCRemoteSwiftPackageReference "amplify-ios" */;
			productName = AWSDataStorePlugin;
		};
		557BEE5A260D9F4700C153CE /* AWSAPIPlugin */ = {
			isa = XCSwiftPackageProductDependency;
			package = 557BEE4D260D9F4700C153CE /* XCRemoteSwiftPackageReference "amplify-ios" */;
			productName = AWSAPIPlugin;
		};
/* End XCSwiftPackageProductDependency section */
	};
	rootObject = 5520F3A0260D5D6900C5F2D0 /* Project object */;
}
